
Microsoft Visual Studio Solution File, Format Version 12.00
# Visual Studio Version 17
VisualStudioVersion = 17.11.35312.102
MinimumVisualStudioVersion = 10.0.40219.1
Project("{FAE04EC0-301F-11D3-BF4B-00C04F79EFBC}") = "obs", "obs\obs.csproj", "{16A5D560-50D4-4D05-9AB4-B4B40A35665A}"
EndProject
Global
	GlobalSection(SolutionConfigurationPlatforms) = preSolution
		Debug|Any CPU = Debug|Any CPU
		Release|Any CPU = Release|Any CPU
	EndGlobalSection
	GlobalSection(ProjectConfigurationPlatforms) = postSolution
		{16A5D560-50D4-4D05-9AB4-B4B40A35665A}.Debug|Any CPU.ActiveCfg = Debug|Any CPU
		{16A5D560-50D4-4D05-9AB4-B4B40A35665A}.Debug|Any CPU.Build.0 = Debug|Any CPU
		{16A5D560-50D4-4D05-9AB4-B4B40A35665A}.Release|Any CPU.ActiveCfg = Release|Any CPU
		{16A5D560-50D4-4D05-9AB4-B4B40A35665A}.Release|Any CPU.Build.0 = Release|Any CPU
	EndGlobalSection
	GlobalSection(SolutionProperties) = preSolution
		HideSolutionNode = FALSE
	EndGlobalSection
	GlobalSection(ExtensibilityGlobals) = postSolution
		SolutionGuid = {45A2EA57-3D63-4C81-825D-5C45FD28167E}
	EndGlobalSection
EndGlobal
