
Microsoft Visual Studio Solution File, Format Version 12.00
# Visual Studio Version 17
VisualStudioVersion = 17.11.35312.102
MinimumVisualStudioVersion = 10.0.40219.1
Project("{9A19103F-16F7-4668-BE54-9A1E7A4F7556}") = "obs", "obs\obs.csproj", "{16A5D560-50D4-4D05-9AB4-B4B40A35665A}"
EndProject
Project("{2150E333-8FDC-42A3-9474-1A3956D46DE8}") = "Solution Items", "Solution Items", "{F971FF29-F769-4A7F-BC57-FA5255FE4AD7}"
	ProjectSection(SolutionItems) = preProject
		.gitignore = .gitignore
	EndProjectSection
EndProject
Global
	GlobalSection(SolutionConfigurationPlatforms) = preSolution
		Debug|Any CPU = Debug|Any CPU
		Release|Any CPU = Release|Any CPU
	EndGlobalSection
	GlobalSection(ProjectConfigurationPlatforms) = postSolution
		{16A5D560-50D4-4D05-9AB4-B4B40A35665A}.Debug|Any CPU.ActiveCfg = Debug|Any CPU
		{16A5D560-50D4-4D05-9AB4-B4B40A35665A}.Debug|Any CPU.Build.0 = Debug|Any CPU
		{16A5D560-50D4-4D05-9AB4-B4B40A35665A}.Release|Any CPU.ActiveCfg = Release|Any CPU
		{16A5D560-50D4-4D05-9AB4-B4B40A35665A}.Release|Any CPU.Build.0 = Release|Any CPU
	EndGlobalSection
	GlobalSection(SolutionProperties) = preSolution
		HideSolutionNode = FALSE
	EndGlobalSection
	GlobalSection(ExtensibilityGlobals) = postSolution
		SolutionGuid = {45A2EA57-3D63-4C81-825D-5C45FD28167E}
	EndGlobalSection
EndGlobal
